
Microsoft Visual Studio Solution File, Format Version 12.00
# Visual Studio Version 16
VisualStudioVersion = 16.0.30114.105
MinimumVisualStudioVersion = 10.0.40219.1
Project("{F2A71F9B-5D33-465A-A702-920D77279786}") = "Newishfs", "Newishfs\Newishfs.fsproj", "{755899A8-4F74-473E-B760-135E651869AD}"
EndProject
Project("{FAE04EC0-301F-11D3-BF4B-00C04F79EFBC}") = "Newish", "Newish\Newish.csproj", "{105BE508-7115-4A62-9F01-5383FB35344A}"
EndProject
Global
	GlobalSection(SolutionConfigurationPlatforms) = preSolution
		Debug|Any CPU = Debug|Any CPU
		Debug|x64 = Debug|x64
		Debug|x86 = Debug|x86
		Release|Any CPU = Release|Any CPU
		Release|x64 = Release|x64
		Release|x86 = Release|x86
	EndGlobalSection
	GlobalSection(SolutionProperties) = preSolution
		HideSolutionNode = FALSE
	EndGlobalSection
	GlobalSection(ProjectConfigurationPlatforms) = postSolution
		{755899A8-4F74-473E-B760-135E651869AD}.Debug|Any CPU.ActiveCfg = Debug|Any CPU
		{755899A8-4F74-473E-B760-135E651869AD}.Debug|Any CPU.Build.0 = Debug|Any CPU
		{755899A8-4F74-473E-B760-135E651869AD}.Debug|x64.ActiveCfg = Debug|Any CPU
		{755899A8-4F74-473E-B760-135E651869AD}.Debug|x64.Build.0 = Debug|Any CPU
		{755899A8-4F74-473E-B760-135E651869AD}.Debug|x86.ActiveCfg = Debug|Any CPU
		{755899A8-4F74-473E-B760-135E651869AD}.Debug|x86.Build.0 = Debug|Any CPU
		{755899A8-4F74-473E-B760-135E651869AD}.Release|Any CPU.ActiveCfg = Release|Any CPU
		{755899A8-4F74-473E-B760-135E651869AD}.Release|Any CPU.Build.0 = Release|Any CPU
		{755899A8-4F74-473E-B760-135E651869AD}.Release|x64.ActiveCfg = Release|Any CPU
		{755899A8-4F74-473E-B760-135E651869AD}.Release|x64.Build.0 = Release|Any CPU
		{755899A8-4F74-473E-B760-135E651869AD}.Release|x86.ActiveCfg = Release|Any CPU
		{755899A8-4F74-473E-B760-135E651869AD}.Release|x86.Build.0 = Release|Any CPU
		{105BE508-7115-4A62-9F01-5383FB35344A}.Debug|Any CPU.ActiveCfg = Debug|Any CPU
		{105BE508-7115-4A62-9F01-5383FB35344A}.Debug|Any CPU.Build.0 = Debug|Any CPU
		{105BE508-7115-4A62-9F01-5383FB35344A}.Debug|x64.ActiveCfg = Debug|Any CPU
		{105BE508-7115-4A62-9F01-5383FB35344A}.Debug|x64.Build.0 = Debug|Any CPU
		{105BE508-7115-4A62-9F01-5383FB35344A}.Debug|x86.ActiveCfg = Debug|Any CPU
		{105BE508-7115-4A62-9F01-5383FB35344A}.Debug|x86.Build.0 = Debug|Any CPU
		{105BE508-7115-4A62-9F01-5383FB35344A}.Release|Any CPU.ActiveCfg = Release|Any CPU
		{105BE508-7115-4A62-9F01-5383FB35344A}.Release|Any CPU.Build.0 = Release|Any CPU
		{105BE508-7115-4A62-9F01-5383FB35344A}.Release|x64.ActiveCfg = Release|Any CPU
		{105BE508-7115-4A62-9F01-5383FB35344A}.Release|x64.Build.0 = Release|Any CPU
		{105BE508-7115-4A62-9F01-5383FB35344A}.Release|x86.ActiveCfg = Release|Any CPU
		{105BE508-7115-4A62-9F01-5383FB35344A}.Release|x86.Build.0 = Release|Any CPU
	EndGlobalSection
EndGlobal
